
Microsoft Visual Studio Solution File, Format Version 12.00
# Visual Studio Version 17
VisualStudioVersion = 17.1.32328.378
MinimumVisualStudioVersion = 10.0.40219.1
Project("{9A19103F-16F7-4668-BE54-9A1E7A4F7556}") = "CslLinq", "CslLinq\CslLinq.csproj", "{252F336A-C46E-4CD2-877A-D3EDB83550F4}"
EndProject
Project("{9A19103F-16F7-4668-BE54-9A1E7A4F7556}") = "ExtensionMethod", "ExtensionMethod\ExtensionMethod.csproj", "{FE9ED2A7-EC14-403C-AC4D-D5C8F62BADE4}"
EndProject
Project("{FAE04EC0-301F-11D3-BF4B-00C04F79EFBC}") = "QuartzConsole", "QuartzConsole\QuartzConsole.csproj", "{F90C55C1-2B9A-4361-AE64-2D7D7D5EE4A7}"
EndProject
Global
	GlobalSection(SolutionConfigurationPlatforms) = preSolution
		Debug|Any CPU = Debug|Any CPU
		Release|Any CPU = Release|Any CPU
	EndGlobalSection
	GlobalSection(ProjectConfigurationPlatforms) = postSolution
		{252F336A-C46E-4CD2-877A-D3EDB83550F4}.Debug|Any CPU.ActiveCfg = Debug|Any CPU
		{252F336A-C46E-4CD2-877A-D3EDB83550F4}.Debug|Any CPU.Build.0 = Debug|Any CPU
		{252F336A-C46E-4CD2-877A-D3EDB83550F4}.Release|Any CPU.ActiveCfg = Release|Any CPU
		{252F336A-C46E-4CD2-877A-D3EDB83550F4}.Release|Any CPU.Build.0 = Release|Any CPU
		{FE9ED2A7-EC14-403C-AC4D-D5C8F62BADE4}.Debug|Any CPU.ActiveCfg = Debug|Any CPU
		{FE9ED2A7-EC14-403C-AC4D-D5C8F62BADE4}.Debug|Any CPU.Build.0 = Debug|Any CPU
		{FE9ED2A7-EC14-403C-AC4D-D5C8F62BADE4}.Release|Any CPU.ActiveCfg = Release|Any CPU
		{FE9ED2A7-EC14-403C-AC4D-D5C8F62BADE4}.Release|Any CPU.Build.0 = Release|Any CPU
		{F90C55C1-2B9A-4361-AE64-2D7D7D5EE4A7}.Debug|Any CPU.ActiveCfg = Debug|Any CPU
		{F90C55C1-2B9A-4361-AE64-2D7D7D5EE4A7}.Debug|Any CPU.Build.0 = Debug|Any CPU
		{F90C55C1-2B9A-4361-AE64-2D7D7D5EE4A7}.Release|Any CPU.ActiveCfg = Release|Any CPU
		{F90C55C1-2B9A-4361-AE64-2D7D7D5EE4A7}.Release|Any CPU.Build.0 = Release|Any CPU
	EndGlobalSection
	GlobalSection(SolutionProperties) = preSolution
		HideSolutionNode = FALSE
	EndGlobalSection
	GlobalSection(ExtensibilityGlobals) = postSolution
		SolutionGuid = {E9AA3338-AA0F-4D66-8738-347DF1FA3CF5}
	EndGlobalSection
EndGlobal
